#MicroXplorer Configuration settings - do not modify
Mcu.Family=STM32G4
ProjectManager.MainLocation=Src
TIM7.PeriodNoDither=65535
PA6.Mode=Standalone
SH.S_TIM4_CH2.ConfNb=1
RCC.USART1Freq_Value=32000000
RCC.SAI1Freq_Value=64000000
USART2.IPParameters=VirtualMode-Asynchronous
RCC.CortexFreq_Value=32000000
ProjectManager.KeepUserCode=true
Mcu.UserName=STM32G431CBUx
ADC1.Overrun=ADC_OVR_DATA_OVERWRITTEN
ADC1.ContinuousConvMode=ENABLE
NVIC.TIM6_DAC_IRQn=true\:1\:0\:true\:false\:true\:true\:true
Dma.ADC1.0.Polarity=HAL_DMAMUX_REQ_GEN_RISING
TIM1.IPParameters=Channel-PWM Generation1 CH1 CH1N,Channel-PWM Generation2 CH2 CH2N,Channel-PWM Generation3 CH3 CH3N,Prescaler,PeriodNoDither,BreakState,BreakPolarity,Break2State,AutomaticOutput,Break2Polarity,DeadTime
Dma.USART2_RX.1.RequestNumber=1
VP_TIM4_VS_OPM.Mode=OPM_bit
TIM1.Break2State=TIM_BREAK2_DISABLE
PB14.GPIO_Label=Temperature
PA0.GPIO_Label=VBUS
ProjectManager.functionlistsort=1-MX_GPIO_Init-GPIO-false-HAL-true,2-MX_DMA_Init-DMA-false-HAL-true,3-SystemClock_Config-RCC-false-HAL-false,4-MX_OPAMP1_Init-OPAMP1-false-HAL-true,5-MX_OPAMP2_Init-OPAMP2-false-HAL-true,6-MX_OPAMP3_Init-OPAMP3-false-HAL-true,7-MX_TIM1_Init-TIM1-false-HAL-true,8-MX_TIM4_Init-TIM4-false-HAL-true,9-MX_TIM6_Init-TIM6-false-HAL-true,10-MX_ADC1_Init-ADC1-false-HAL-true,11-MX_TIM7_Init-TIM7-false-HAL-true,12-MX_USART2_UART_Init-USART2-false-HAL-true
PC6.GPIO_Label=STATUS
PB6.GPIO_Label=A
RCC.USART2Freq_Value=32000000
SH.S_TIM1_CH3.ConfNb=1
SH.S_TIM1_CH1.ConfNb=1
PB11.Signal=GPIO_Input
PB13.Signal=OPAMP3_VINP
PB15.Signal=TIM1_CH3N
PinOutPanel.RotationAngle=0
Dma.USART2_RX.1.MemDataAlignment=DMA_MDATAALIGN_BYTE
RCC.MCO1PinFreq_Value=16000000
RCC.SYSCLKSource=RCC_SYSCLKSOURCE_PLLCLK
ProjectManager.StackSize=0x400
PB5.GPIOParameters=GPIO_Label
VP_TIM7_VS_ClockSourceINT.Mode=Enable_Timer
RCC.I2C3Freq_Value=32000000
RCC.LPTIM1Freq_Value=32000000
Mcu.IP4=OPAMP2
Mcu.IP5=OPAMP3
RCC.FCLKCortexFreq_Value=32000000
Mcu.IP2=NVIC
NVIC.SVCall_IRQn=true\:0\:0\:false\:false\:true\:false\:false
Mcu.IP3=OPAMP1
PA15.GPIO_Label=PWMIN
Mcu.IP0=ADC1
Mcu.IP1=DMA
PA12.Signal=TIM1_CH2N
TIM1.Prescaler=0
Mcu.UserConstants=
Dma.USART2_RX.1.SyncSignalID=NONE
Mcu.ThirdPartyNb=0
PA15.GPIO_ModeDefaultEXTI=GPIO_MODE_IT_RISING_FALLING
RCC.HCLKFreq_Value=32000000
Mcu.IPNb=13
ProjectManager.PreviousToolchain=SW4STM32
RCC.APB2TimFreq_Value=32000000
PB6.Signal=S_TIM4_CH1
Dma.ADC1.0.Direction=DMA_PERIPH_TO_MEMORY
TIM1.AutomaticOutput=TIM_AUTOMATICOUTPUT_ENABLE
Dma.USART2_RX.1.PeriphInc=DMA_PINC_DISABLE
Mcu.Pin6=PA3
Mcu.Pin7=PA4
PB8-BOOT0.GPIOParameters=GPIO_Label
Mcu.Pin8=PA5
Mcu.Pin9=PA6
Dma.USART2_RX.1.MemInc=DMA_MINC_ENABLE
Dma.ADC1.0.MemDataAlignment=DMA_MDATAALIGN_HALFWORD
RCC.AHBFreq_Value=32000000
Mcu.Pin0=PC13
Mcu.Pin1=PF0-OSC_IN
GPIO.groupedBy=Group By Peripherals
Mcu.Pin2=PF1-OSC_OUT
Mcu.Pin3=PA0
RCC.USART3Freq_Value=32000000
Mcu.Pin4=PA1
NVIC.EXTI15_10_IRQn=true\:0\:0\:false\:false\:true\:true\:true
Mcu.Pin5=PA2
ADC1.Channel-0\#ChannelRegularConversion=ADC_CHANNEL_11
ProjectManager.ProjectBuild=false
Dma.USART2_RX.1.RequestParameters=Instance,Direction,PeriphInc,MemInc,PeriphDataAlignment,MemDataAlignment,Mode,Priority,SignalID,Polarity,RequestNumber,SyncSignalID,SyncPolarity,SyncEnable,EventEnable,SyncRequestNumber
RCC.HSE_VALUE=8000000
NVIC.UsageFault_IRQn=true\:0\:0\:false\:false\:true\:false\:false
PA0.Locked=true
NVIC.DebugMonitor_IRQn=true\:0\:0\:false\:false\:true\:false\:false
PB3.Mode=Asynchronous
PB2.Signal=OPAMP3_VINM
PA4.Locked=true
Mcu.IP10=TIM6
USART2.VirtualMode-Asynchronous=VM_ASYNC
NVIC.SysTick_IRQn=true\:0\:0\:false\:false\:true\:false\:true
RCC.ADC12Freq_Value=64000000
Mcu.IP12=USART2
Mcu.IP11=TIM7
PB12.GPIO_Label=POT
TIM1.Break2Polarity=TIM_BREAK2POLARITY_LOW
ProjectManager.FirmwarePackage=STM32Cube FW_G4 V1.2.0
MxDb.Version=DB.5.0.60
NVIC.TIM1_TRG_COM_TIM17_IRQn=true\:0\:0\:false\:false\:true\:true\:true
VP_TIM7_VS_ClockSourceINT.Signal=TIM7_VS_ClockSourceINT
PB4.Mode=Asynchronous
Dma.USART2_RX.1.SyncPolarity=HAL_DMAMUX_SYNC_NO_EVENT
ProjectManager.BackupPrevious=false
Dma.USART2_RX.1.SyncEnable=DISABLE
RCC.VCOInputFreq_Value=8000000
PC4.GPIO_Label=BEMF2
PA14.Mode=Serial_Wire
Dma.ADC1.0.PeriphInc=DMA_PINC_DISABLE
TIM1.DeadTime=1
File.Version=6
VP_SYS_VS_DBSignals.Mode=DisableDeadBatterySignals
SH.S_TIM4_CH2.0=TIM4_CH2,Xored_Inputs_Hall_Sensor_Interface
PB7.Signal=S_TIM4_CH2
PA8.Signal=S_TIM1_CH1
RCC.PLLRCLKFreq_Value=64000000
NVIC.PendSV_IRQn=true\:0\:0\:false\:false\:true\:false\:false
Dma.RequestsNb=2
PB6.GPIOParameters=GPIO_Label
ProjectManager.HalAssertFull=false
VP_TIM1_VS_ClockSourceINT.Mode=Internal
ADC1.SamplingTime-0\#ChannelRegularConversion=ADC_SAMPLETIME_92CYCLES_5
RCC.CRSFreq_Value=48000000
ProjectManager.ProjectName=g431_test
PA0.Signal=SharedAnalog_PA0
PB7.GPIO_Label=B
Mcu.Package=UFQFPN48
PB1.Signal=OPAMP3_VOUT
PA6.Signal=OPAMP2_VOUT
PA7.Locked=true
TIM6.PeriodNoDither=8
ProjectManager.ToolChainLocation=
RCC.LSI_VALUE=32000
VP_SYS_VS_Systick.Signal=SYS_VS_Systick
RCC.LSCOPinFreq_Value=32000
PA10.Signal=S_TIM1_CH3
PA15.Signal=GPXTI15
ADC1.OffsetNumber-1\#ChannelRegularConversion=ADC_OFFSET_NONE
PB8-BOOT0.GPIO_Label=Z
PB14.GPIOParameters=GPIO_Label
Dma.USART2_RX.1.SyncRequestNumber=1
PB5.GPIO_Label=GPIO_BEMF
RCC.PLLPoutputFreq_Value=64000000
TIM1.BreakState=TIM_BREAK_DISABLE
SH.S_TIM4_CH1.0=TIM4_CH1,Xored_Inputs_Hall_Sensor_Interface
Dma.Request1=USART2_RX
RCC.APB1TimFreq_Value=32000000
NVIC.BusFault_IRQn=true\:0\:0\:false\:false\:true\:false\:false
PC4.Locked=true
RCC.LPUART1Freq_Value=32000000
PB13.Mode=Standalone
PF1-OSC_OUT.Mode=HSE-External-Oscillator
Dma.USART2_RX.1.Mode=DMA_CIRCULAR
Dma.Request0=ADC1
PA4.GPIO_Label=BEMF1
ADC1.EOCSelection=ADC_EOC_SEQ_CONV
NVIC.TIM7_IRQn=true\:0\:0\:false\:false\:true\:true\:true
ProjectManager.CustomerFirmwarePackage=
PC4.GPIOParameters=GPIO_Label
VP_TIM4_VS_OPM.Signal=TIM4_VS_OPM
PF1-OSC_OUT.Signal=RCC_OSC_OUT
Dma.ADC1.0.EventEnable=DISABLE
RCC.HSI48_VALUE=48000000
PB4.Signal=USART2_RX
PA3.Signal=OPAMP1_VINM
PA5.Mode=Standalone
RCC.PLLSourceVirtual=RCC_PLLSOURCE_HSE
SH.S_TIM4_CH1.ConfNb=1
RCC.I2SFreq_Value=64000000
RCC.PLLQoutputFreq_Value=64000000
ProjectManager.ProjectFileName=g431_test.ioc
Dma.USART2_RX.1.Priority=DMA_PRIORITY_LOW
Dma.ADC1.0.Instance=DMA1_Channel1
ADC1.Rank-0\#ChannelRegularConversion=1
PA7.Mode=Standalone
PA15.GPIOParameters=GPIO_PuPd,GPIO_Label,GPIO_ModeDefaultEXTI
Mcu.PinsNb=42
ProjectManager.NoMain=false
Dma.ADC1.0.SyncRequestNumber=1
SH.SharedAnalog_PA0.0=GPIO_Analog
SH.SharedAnalog_PA0.1=ADC1_IN1,IN1-Single-Ended
ADC1.IPParameters=Rank-0\#ChannelRegularConversion,Channel-0\#ChannelRegularConversion,SamplingTime-0\#ChannelRegularConversion,OffsetNumber-0\#ChannelRegularConversion,NbrOfConversionFlag,ContinuousConvMode,Overrun,master,Rank-1\#ChannelRegularConversion,Channel-1\#ChannelRegularConversion,SamplingTime-1\#ChannelRegularConversion,OffsetNumber-1\#ChannelRegularConversion,NbrOfConversion,DMAContinuousRequests,EOCSelection,ClockPrescaler
ADC1.OffsetNumber-0\#ChannelRegularConversion=ADC_OFFSET_NONE
PC13.Signal=TIM1_CH1N
Dma.USART2_RX.1.SignalID=NONE
TIM4.PeriodNoDither=65535
TIM6.Prescaler=3200
PC4.Signal=GPIO_Input
PC6.Signal=GPIO_Output
VP_TIM6_VS_ClockSourceINT.Mode=Enable_Timer
PB11.GPIO_Label=BEMF3
RCC.EXTERNAL_CLOCK_VALUE=12288000
ProjectManager.DefaultFWLocation=true
TIM1.Channel-PWM\ Generation1\ CH1\ CH1N=TIM_CHANNEL_1
PB12.Locked=true
ProjectManager.DeletePrevious=true
PB14.Locked=true
NVIC.USART2_IRQn=true\:0\:0\:false\:false\:true\:true\:true
RCC.FamilyName=M
VP_TIM6_VS_ClockSourceINT.Signal=TIM6_VS_ClockSourceINT
PA3.Mode=Standalone
PA13.Signal=SYS_JTMS-SWDIO
TIM1.Channel-PWM\ Generation2\ CH2\ CH2N=TIM_CHANNEL_2
Dma.ADC1.0.PeriphDataAlignment=DMA_PDATAALIGN_HALFWORD
PA15.Locked=true
TIM6.IPParameters=Prescaler,PeriodNoDither
SH.S_TIM1_CH1.0=TIM1_CH1,PWM Generation1 CH1 CH1N
VP_TIM1_VS_ClockSourceITR.Signal=TIM1_VS_ClockSourceITR
VP_TIM4_VS_ClockSourceINT.Signal=TIM4_VS_ClockSourceINT
NVIC.DMA1_Channel2_IRQn=true\:0\:0\:false\:false\:true\:false\:true
ProjectManager.TargetToolchain=SW4STM32
TIM4.IPParameters=Prescaler,PeriodNoDither,Commutation_Delay
Dma.ADC1.0.Mode=DMA_CIRCULAR
PB7.GPIOParameters=GPIO_Label
SH.S_TIM4_CH3.0=TIM4_CH3,Xored_Inputs_Hall_Sensor_Interface
Dma.ADC1.0.SignalID=NONE
Dma.ADC1.0.SyncSignalID=NONE
PC6.Locked=true
Dma.ADC1.0.Priority=DMA_PRIORITY_LOW
PA9.Signal=S_TIM1_CH2
VP_TIM1_VS_ClockSourceINT.Signal=TIM1_VS_ClockSourceINT
ADC1.Channel-1\#ChannelRegularConversion=ADC_CHANNEL_1
VP_TIM1_VS_ClockSourceITR.Mode=TriggerSource_ITR3
PB11.GPIOParameters=GPIO_Label
PB5.Locked=true
TIM1.Channel-PWM\ Generation3\ CH3\ CH3N=TIM_CHANNEL_3
RCC.USBFreq_Value=64000000
TIM4.Prescaler=32
RCC.LSE_VALUE=32768
PA1.Signal=OPAMP1_VINP
Dma.USART2_RX.1.Instance=DMA1_Channel2
PF0-OSC_IN.Mode=HSE-External-Oscillator
SH.S_TIM1_CH2.ConfNb=1
SH.S_TIM4_CH3.ConfNb=1
PB14.Signal=GPIO_Analog
Dma.USART2_RX.1.Direction=DMA_PERIPH_TO_MEMORY
Mcu.Pin40=VP_TIM6_VS_ClockSourceINT
PA5.Signal=OPAMP2_VINM
Mcu.Pin41=VP_TIM7_VS_ClockSourceINT
Dma.USART2_RX.1.PeriphDataAlignment=DMA_PDATAALIGN_BYTE
PB0.Mode=IN15-Single-Ended
PB8-BOOT0.Signal=S_TIM4_CH3
TIM7.Prescaler=32
board=custom
RCC.VCOOutputFreq_Value=128000000
ProjectManager.LastFirmware=true
PB15.Mode=PWM Generation3 CH3 CH3N
Dma.ADC1.0.SyncPolarity=HAL_DMAMUX_SYNC_NO_EVENT
Dma.ADC1.0.RequestParameters=Instance,Direction,PeriphInc,MemInc,PeriphDataAlignment,MemDataAlignment,Mode,Priority,SignalID,Polarity,RequestNumber,SyncSignalID,SyncPolarity,SyncEnable,EventEnable,SyncRequestNumber
RCC.APB2Freq_Value=32000000
SH.SharedAnalog_PB12.1=ADC1_IN11,IN11-Single-Ended
PA1.Mode=Standalone
RCC.UART4Freq_Value=32000000
SH.SharedAnalog_PB12.0=GPIO_Analog
TIM7.IPParameters=Prescaler,PeriodNoDither
MxCube.Version=5.6.1
Mcu.Pin37=VP_TIM1_VS_ClockSourceITR
Mcu.Pin38=VP_TIM4_VS_ClockSourceINT
SH.S_TIM1_CH2.0=TIM1_CH2,PWM Generation2 CH2 CH2N
Mcu.Pin35=VP_SYS_VS_DBSignals
RCC.I2C1Freq_Value=32000000
Mcu.Pin36=VP_TIM1_VS_ClockSourceINT
VP_SYS_VS_DBSignals.Signal=SYS_VS_DBSignals
RCC.FDCANFreq_Value=32000000
Dma.USART2_RX.1.EventEnable=DISABLE
Mcu.Pin39=VP_TIM4_VS_OPM
RCC.RNGFreq_Value=64000000
Mcu.Pin30=PB5
VP_SYS_VS_Systick.Mode=SysTick
Mcu.Pin33=PB8-BOOT0
Mcu.Pin34=VP_SYS_VS_Systick
Mcu.Pin31=PB6
Mcu.Pin32=PB7
NVIC.NonMaskableInt_IRQn=true\:0\:0\:false\:false\:true\:false\:false
RCC.AHBCLKDivider=RCC_SYSCLK_DIV2
PA4.GPIOParameters=GPIO_Label
ADC1.DMAContinuousRequests=DISABLE
TIM1.BreakPolarity=TIM_BREAKPOLARITY_HIGH
SH.SharedAnalog_PA0.ConfNb=2
ADC1.NbrOfConversion=2
PC13.Mode=PWM Generation1 CH1 CH1N
PA13.Mode=Serial_Wire
ProjectManager.FreePins=false
RCC.IPParameters=ADC12Freq_Value,AHBCLKDivider,AHBFreq_Value,APB1Freq_Value,APB1TimFreq_Value,APB2Freq_Value,APB2TimFreq_Value,CRSFreq_Value,CortexFreq_Value,EXTERNAL_CLOCK_VALUE,FCLKCortexFreq_Value,FDCANFreq_Value,FamilyName,HCLKFreq_Value,HSE_VALUE,HSI48_VALUE,HSI_VALUE,I2C1Freq_Value,I2C2Freq_Value,I2C3Freq_Value,I2SFreq_Value,LPTIM1Freq_Value,LPUART1Freq_Value,LSCOPinFreq_Value,LSE_VALUE,LSI_VALUE,MCO1PinFreq_Value,PLLN,PLLPoutputFreq_Value,PLLQoutputFreq_Value,PLLRCLKFreq_Value,PLLSourceVirtual,PWRFreq_Value,RNGFreq_Value,SAI1Freq_Value,SYSCLKFreq_VALUE,SYSCLKSource,UART4Freq_Value,USART1Freq_Value,USART2Freq_Value,USART3Freq_Value,USBFreq_Value,VCOInputFreq_Value,VCOOutputFreq_Value
ProjectManager.AskForMigrate=true
Mcu.Name=STM32G431C(6-8-B)Ux
Mcu.Pin26=PA14
Mcu.Pin27=PA15
PA2.Signal=OPAMP1_VOUT
Mcu.Pin24=PA12
ProjectManager.UnderRoot=true
Mcu.Pin25=PA13
Mcu.IP8=TIM1
Mcu.IP9=TIM4
Mcu.Pin28=PB3
Mcu.IP6=RCC
TIM4.Commutation_Delay=1
Mcu.Pin29=PB4
Mcu.IP7=SYS
ProjectManager.CoupleFile=true
PB3.Signal=USART2_TX
PA4.Signal=GPIO_Input
ADC1.SamplingTime-1\#ChannelRegularConversion=ADC_SAMPLETIME_92CYCLES_5
RCC.SYSCLKFreq_VALUE=64000000
Mcu.Pin22=PA9
PB5.Signal=GPIO_Output
Mcu.Pin23=PA10
PA1.Locked=true
Mcu.Pin20=PC6
ADC1.master=1
Dma.USART2_RX.1.Polarity=HAL_DMAMUX_REQ_GEN_RISING
Mcu.Pin21=PA8
PA12.Mode=PWM Generation2 CH2 CH2N
NVIC.ForceEnableDMAVector=true
KeepUserPlacement=false
NVIC.MemoryManagement_IRQn=true\:0\:0\:false\:false\:true\:false\:false
PB2.Mode=Standalone
ProjectManager.CompilerOptimize=6
ADC1.Rank-1\#ChannelRegularConversion=2
Dma.ADC1.0.RequestNumber=1
Dma.ADC1.0.SyncEnable=DISABLE
PA14.Signal=SYS_JTCK-SWCLK
Dma.ADC1.0.MemInc=DMA_MINC_ENABLE
ProjectManager.HeapSize=0x200
Mcu.Pin15=PB11
PA0.GPIOParameters=GPIO_Label
NVIC.HardFault_IRQn=true\:0\:0\:false\:false\:true\:false\:false
Mcu.Pin16=PB12
PB1.Mode=Standalone
Mcu.Pin13=PB1
Mcu.Pin14=PB2
PC6.GPIOParameters=GPIO_Label
SH.S_TIM1_CH3.0=TIM1_CH3,PWM Generation3 CH3 CH3N
Mcu.Pin19=PB15
SH.GPXTI15.ConfNb=1
ProjectManager.ComputerToolchain=false
Mcu.Pin17=PB13
RCC.HSI_VALUE=16000000
Mcu.Pin18=PB14
VP_TIM4_VS_ClockSourceINT.Mode=Internal
NVIC.PriorityGroup=NVIC_PRIORITYGROUP_4
ADC1.NbrOfConversionFlag=1
Mcu.Pin11=PC4
SH.GPXTI15.0=GPIO_EXTI15
Mcu.Pin12=PB0
RCC.PLLN=16
PA15.GPIO_PuPd=GPIO_PULLDOWN
Mcu.Pin10=PA7
PA2.Mode=Standalone
RCC.PWRFreq_Value=64000000
NVIC.DMA1_Channel1_IRQn=true\:0\:0\:false\:false\:true\:false\:true
PF0-OSC_IN.Signal=RCC_OSC_IN
NVIC.TIM4_IRQn=true\:0\:0\:false\:false\:true\:true\:true
RCC.I2C2Freq_Value=32000000
RCC.APB1Freq_Value=32000000
PB0.Signal=ADC1_IN15
ADC1.ClockPrescaler=ADC_CLOCK_ASYNC_DIV8
PB11.Locked=true
ProjectManager.DeviceId=STM32G431CBUx
PB12.GPIOParameters=GPIO_Label
PB12.Signal=SharedAnalog_PB12
ProjectManager.LibraryCopy=1
TIM1.PeriodNoDither=2047
SH.SharedAnalog_PB12.ConfNb=2
PA7.Signal=OPAMP2_VINP
